
Microsoft Visual Studio Solution File, Format Version 12.00
# Visual Studio Version 17
VisualStudioVersion = 17.13.35818.85
MinimumVisualStudioVersion = 10.0.40219.1
Project("{FAE04EC0-301F-11D3-BF4B-00C04F79EFBC}") = "TestAppMVC", "TestAppMVC\TestAppMVC.csproj", "{10406FBB-626F-49DE-BC06-3BA5D4976AB0}"
EndProject
Project("{FAE04EC0-301F-11D3-BF4B-00C04F79EFBC}") = "Business", "Business\Business.csproj", "{0D534B47-4251-4A46-83F7-99B83DC77871}"
EndProject
Project("{FAE04EC0-301F-11D3-BF4B-00C04F79EFBC}") = "MVCDatabse", "MVCDatabse\MVCDatabse.csproj", "{86288215-8140-4F76-A4B6-69D0322CC9EE}"
EndProject
Global
	GlobalSection(SolutionConfigurationPlatforms) = preSolution
		Debug|Any CPU = Debug|Any CPU
		Release|Any CPU = Release|Any CPU
	EndGlobalSection
	GlobalSection(ProjectConfigurationPlatforms) = postSolution
		{10406FBB-626F-49DE-BC06-3BA5D4976AB0}.Debug|Any CPU.ActiveCfg = Debug|Any CPU
		{10406FBB-626F-49DE-BC06-3BA5D4976AB0}.Debug|Any CPU.Build.0 = Debug|Any CPU
		{10406FBB-626F-49DE-BC06-3BA5D4976AB0}.Release|Any CPU.ActiveCfg = Release|Any CPU
		{10406FBB-626F-49DE-BC06-3BA5D4976AB0}.Release|Any CPU.Build.0 = Release|Any CPU
		{0D534B47-4251-4A46-83F7-99B83DC77871}.Debug|Any CPU.ActiveCfg = Debug|Any CPU
		{0D534B47-4251-4A46-83F7-99B83DC77871}.Debug|Any CPU.Build.0 = Debug|Any CPU
		{0D534B47-4251-4A46-83F7-99B83DC77871}.Release|Any CPU.ActiveCfg = Release|Any CPU
		{0D534B47-4251-4A46-83F7-99B83DC77871}.Release|Any CPU.Build.0 = Release|Any CPU
		{86288215-8140-4F76-A4B6-69D0322CC9EE}.Debug|Any CPU.ActiveCfg = Debug|Any CPU
		{86288215-8140-4F76-A4B6-69D0322CC9EE}.Debug|Any CPU.Build.0 = Debug|Any CPU
		{86288215-8140-4F76-A4B6-69D0322CC9EE}.Release|Any CPU.ActiveCfg = Release|Any CPU
		{86288215-8140-4F76-A4B6-69D0322CC9EE}.Release|Any CPU.Build.0 = Release|Any CPU
	EndGlobalSection
	GlobalSection(SolutionProperties) = preSolution
		HideSolutionNode = FALSE
	EndGlobalSection
	GlobalSection(ExtensibilityGlobals) = postSolution
		SolutionGuid = {F0DE0BCF-2819-4B36-88F8-8648ED1AECE3}
	EndGlobalSection
EndGlobal
